
Microsoft Visual Studio Solution File, Format Version 12.00
# Visual Studio 15
VisualStudioVersion = 15.0.28307.645
MinimumVisualStudioVersion = 10.0.40219.1
Project("{2150E333-8FDC-42A3-9474-1A3956D46DE8}") = "Common", "Common", "{851233AB-DD6D-443F-8D78-7CA1C442781E}"
EndProject
Project("{2150E333-8FDC-42A3-9474-1A3956D46DE8}") = "DDMS.WebService", "DDMS.WebService", "{02B46DD6-BDED-447A-9E9A-1478266273E0}"
EndProject
Project("{FAE04EC0-301F-11D3-BF4B-00C04F79EFBC}") = "DDMS.WebService.ExternalServices", "DDMS.WebService.ExternalServices\DDMS.WebService.ExternalServices.csproj", "{EB479183-86F9-4621-8A52-D19EE4E94EE1}"
EndProject
Project("{FAE04EC0-301F-11D3-BF4B-00C04F79EFBC}") = "DDMS.WebService.SPOActions", "DDMS.WebService.Actions\DDMS.WebService.SPOActions.csproj", "{228F9C4D-5C32-47A6-A29D-2BA6FCB1E755}"
EndProject
Project("{FAE04EC0-301F-11D3-BF4B-00C04F79EFBC}") = "DDMS.WebService", "DDMS.WebService.DDMSOperations\DDMS.WebService.csproj", "{0E9165BB-94AB-4F2B-867D-D64983675A1C}"
EndProject
Project("{FAE04EC0-301F-11D3-BF4B-00C04F79EFBC}") = "DDMS.WebService.Models", "Common\DDMS.WebService.Models\DDMS.WebService.Models.csproj", "{66307A85-DDA0-4E7F-A0BA-A873C4207D11}"
EndProject
Project("{FAE04EC0-301F-11D3-BF4B-00C04F79EFBC}") = "SPOService.LogManager", "Common\Logger\SPOService.LogManager.csproj", "{9EAB65B9-DAD2-4D5A-9125-F0AF64C9C822}"
EndProject
Project("{FAE04EC0-301F-11D3-BF4B-00C04F79EFBC}") = "SPOService.EncryptConfiguration", "Common\EncryptDecrypt\SPOService.EncryptConfiguration.csproj", "{5CA47E31-20DE-4465-8CD9-39F085AD991B}"
EndProject
Global
	GlobalSection(SolutionConfigurationPlatforms) = preSolution
		Debug|Any CPU = Debug|Any CPU
		Release|Any CPU = Release|Any CPU
	EndGlobalSection
	GlobalSection(ProjectConfigurationPlatforms) = postSolution
		{EB479183-86F9-4621-8A52-D19EE4E94EE1}.Debug|Any CPU.ActiveCfg = Debug|Any CPU
		{EB479183-86F9-4621-8A52-D19EE4E94EE1}.Debug|Any CPU.Build.0 = Debug|Any CPU
		{EB479183-86F9-4621-8A52-D19EE4E94EE1}.Release|Any CPU.ActiveCfg = Release|Any CPU
		{EB479183-86F9-4621-8A52-D19EE4E94EE1}.Release|Any CPU.Build.0 = Release|Any CPU
		{228F9C4D-5C32-47A6-A29D-2BA6FCB1E755}.Debug|Any CPU.ActiveCfg = Debug|Any CPU
		{228F9C4D-5C32-47A6-A29D-2BA6FCB1E755}.Debug|Any CPU.Build.0 = Debug|Any CPU
		{228F9C4D-5C32-47A6-A29D-2BA6FCB1E755}.Release|Any CPU.ActiveCfg = Release|Any CPU
		{228F9C4D-5C32-47A6-A29D-2BA6FCB1E755}.Release|Any CPU.Build.0 = Release|Any CPU
		{0E9165BB-94AB-4F2B-867D-D64983675A1C}.Debug|Any CPU.ActiveCfg = Debug|Any CPU
		{0E9165BB-94AB-4F2B-867D-D64983675A1C}.Debug|Any CPU.Build.0 = Debug|Any CPU
		{0E9165BB-94AB-4F2B-867D-D64983675A1C}.Release|Any CPU.ActiveCfg = Release|Any CPU
		{0E9165BB-94AB-4F2B-867D-D64983675A1C}.Release|Any CPU.Build.0 = Release|Any CPU
		{66307A85-DDA0-4E7F-A0BA-A873C4207D11}.Debug|Any CPU.ActiveCfg = Debug|Any CPU
		{66307A85-DDA0-4E7F-A0BA-A873C4207D11}.Debug|Any CPU.Build.0 = Debug|Any CPU
		{66307A85-DDA0-4E7F-A0BA-A873C4207D11}.Release|Any CPU.ActiveCfg = Release|Any CPU
		{66307A85-DDA0-4E7F-A0BA-A873C4207D11}.Release|Any CPU.Build.0 = Release|Any CPU
		{9EAB65B9-DAD2-4D5A-9125-F0AF64C9C822}.Debug|Any CPU.ActiveCfg = Debug|Any CPU
		{9EAB65B9-DAD2-4D5A-9125-F0AF64C9C822}.Debug|Any CPU.Build.0 = Debug|Any CPU
		{9EAB65B9-DAD2-4D5A-9125-F0AF64C9C822}.Release|Any CPU.ActiveCfg = Release|Any CPU
		{9EAB65B9-DAD2-4D5A-9125-F0AF64C9C822}.Release|Any CPU.Build.0 = Release|Any CPU
		{5CA47E31-20DE-4465-8CD9-39F085AD991B}.Debug|Any CPU.ActiveCfg = Debug|Any CPU
		{5CA47E31-20DE-4465-8CD9-39F085AD991B}.Debug|Any CPU.Build.0 = Debug|Any CPU
		{5CA47E31-20DE-4465-8CD9-39F085AD991B}.Release|Any CPU.ActiveCfg = Release|Any CPU
		{5CA47E31-20DE-4465-8CD9-39F085AD991B}.Release|Any CPU.Build.0 = Release|Any CPU
	EndGlobalSection
	GlobalSection(SolutionProperties) = preSolution
		HideSolutionNode = FALSE
	EndGlobalSection
	GlobalSection(NestedProjects) = preSolution
		{EB479183-86F9-4621-8A52-D19EE4E94EE1} = {02B46DD6-BDED-447A-9E9A-1478266273E0}
		{228F9C4D-5C32-47A6-A29D-2BA6FCB1E755} = {02B46DD6-BDED-447A-9E9A-1478266273E0}
		{0E9165BB-94AB-4F2B-867D-D64983675A1C} = {02B46DD6-BDED-447A-9E9A-1478266273E0}
		{66307A85-DDA0-4E7F-A0BA-A873C4207D11} = {851233AB-DD6D-443F-8D78-7CA1C442781E}
		{9EAB65B9-DAD2-4D5A-9125-F0AF64C9C822} = {851233AB-DD6D-443F-8D78-7CA1C442781E}
		{5CA47E31-20DE-4465-8CD9-39F085AD991B} = {851233AB-DD6D-443F-8D78-7CA1C442781E}
	EndGlobalSection
	GlobalSection(ExtensibilityGlobals) = postSolution
		SolutionGuid = {5FEF3E0E-1FA8-45DC-8131-1D87ED568926}
	EndGlobalSection
EndGlobal
